
Microsoft Visual Studio Solution File, Format Version 12.00
# Visual Studio Version 17
VisualStudioVersion = 17.4.33205.214
MinimumVisualStudioVersion = 10.0.40219.1
Project("{FAE04EC0-301F-11D3-BF4B-00C04F79EFBC}") = "SmallCityMastodonBot", "SmallCityMastodonBot\SmallCityMastodonBot.csproj", "{FFF7750D-1D9A-4C75-9D61-D24AA3DC9C73}"
EndProject
Global
	GlobalSection(SolutionConfigurationPlatforms) = preSolution
		Debug|Any CPU = Debug|Any CPU
		Release|Any CPU = Release|Any CPU
	EndGlobalSection
	GlobalSection(ProjectConfigurationPlatforms) = postSolution
		{FFF7750D-1D9A-4C75-9D61-D24AA3DC9C73}.Debug|Any CPU.ActiveCfg = Debug|Any CPU
		{FFF7750D-1D9A-4C75-9D61-D24AA3DC9C73}.Debug|Any CPU.Build.0 = Debug|Any CPU
		{FFF7750D-1D9A-4C75-9D61-D24AA3DC9C73}.Release|Any CPU.ActiveCfg = Release|Any CPU
		{FFF7750D-1D9A-4C75-9D61-D24AA3DC9C73}.Release|Any CPU.Build.0 = Release|Any CPU
	EndGlobalSection
	GlobalSection(SolutionProperties) = preSolution
		HideSolutionNode = FALSE
	EndGlobalSection
	GlobalSection(ExtensibilityGlobals) = postSolution
		SolutionGuid = {1C8EB8E8-8112-4B12-A749-04F3A7BC1D3D}
	EndGlobalSection
EndGlobal
